
Microsoft Visual Studio Solution File, Format Version 12.00
# Visual Studio Version 17
VisualStudioVersion = 17.5.33502.453
MinimumVisualStudioVersion = 10.0.40219.1
Project("{FAE04EC0-301F-11D3-BF4B-00C04F79EFBC}") = "EmployeesApi", "EmployeesApi\EmployeesApi.csproj", "{5767F4E1-2682-4493-B7D9-AB47560CF5C3}"
EndProject
Global
	GlobalSection(SolutionConfigurationPlatforms) = preSolution
		Debug|Any CPU = Debug|Any CPU
		Release|Any CPU = Release|Any CPU
	EndGlobalSection
	GlobalSection(ProjectConfigurationPlatforms) = postSolution
		{5767F4E1-2682-4493-B7D9-AB47560CF5C3}.Debug|Any CPU.ActiveCfg = Debug|Any CPU
		{5767F4E1-2682-4493-B7D9-AB47560CF5C3}.Debug|Any CPU.Build.0 = Debug|Any CPU
		{5767F4E1-2682-4493-B7D9-AB47560CF5C3}.Release|Any CPU.ActiveCfg = Release|Any CPU
		{5767F4E1-2682-4493-B7D9-AB47560CF5C3}.Release|Any CPU.Build.0 = Release|Any CPU
	EndGlobalSection
	GlobalSection(SolutionProperties) = preSolution
		HideSolutionNode = FALSE
	EndGlobalSection
	GlobalSection(ExtensibilityGlobals) = postSolution
		SolutionGuid = {84AD5C3B-62C8-4547-AFC3-FBC83D61CA57}
	EndGlobalSection
EndGlobal
